# This file is generated by running "yarn install" inside your project.
# Manual changes might be lost - proceed with caution!

__metadata:
  version: 8
  cacheKey: 10c0

"@hotwired/turbo-rails@npm:^8.0.16":
  version: 8.0.16
  resolution: "@hotwired/turbo-rails@npm:8.0.16"
  dependencies:
    "@hotwired/turbo": "npm:^8.0.13"
    "@rails/actioncable": "npm:>=7.0"
  checksum: 10c0/a3781bf5e7c798307754a726b5b66f63e4ec71a74e508549f257b3acf834ffc5c28baaf03b8dcdeeb7b35caa361769e417bbca629dcf873729398773585d35ca
  languageName: node
  linkType: hard

"@hotwired/turbo@npm:^8.0.13":
  version: 8.0.13
  resolution: "@hotwired/turbo@npm:8.0.13"
  checksum: 10c0/fc9fd58ce2e006ad2f9e3948cf1ec71f47187ce8115f03e531bab849d0e13abc94cd0067f0888f7064d730b4c1a8212101bfa6d55f6166c6ad2db275e280149a
  languageName: node
  linkType: hard

"@popperjs/core@npm:^2.11.8":
  version: 2.11.8
  resolution: "@popperjs/core@npm:2.11.8"
  checksum: 10c0/4681e682abc006d25eb380d0cf3efc7557043f53b6aea7a5057d0d1e7df849a00e281cd8ea79c902a35a414d7919621fc2ba293ecec05f413598e0b23d5a1e63
  languageName: node
  linkType: hard

"@rails/actioncable@npm:>=7.0":
  version: 8.0.200
  resolution: "@rails/actioncable@npm:8.0.200"
  checksum: 10c0/42c861f3b43131ab523d37125e30e802bd5bab98bf8150a780531f82f05177cd0071a75a7f1341eac9de772732625194ac16205a40b82dc567cc05c21c56e412
  languageName: node
  linkType: hard

"app@workspace:.":
  version: 0.0.0-use.local
  resolution: "app@workspace:."
  dependencies:
    "@hotwired/turbo-rails": "npm:^8.0.16"
    "@popperjs/core": "npm:^2.11.8"
    bootstrap: "npm:^5.3.7"
    bootstrap-icons: "npm:^1.13.1"
  languageName: unknown
  linkType: soft

"bootstrap-icons@npm:^1.13.1":
  version: 1.13.1
  resolution: "bootstrap-icons@npm:1.13.1"
  checksum: 10c0/2c1adeb1796502e67b476ce049c86bc3a7ff7984c61777e056820389a8db5ec6535c12a33f76f3ed52674bca4c01472065a7fbcde6cc384ebb86c2eae51390bd
  languageName: node
  linkType: hard

"bootstrap@npm:^5.3.7":
  version: 5.3.7
  resolution: "bootstrap@npm:5.3.7"
  peerDependencies:
    "@popperjs/core": ^2.11.8
  checksum: 10c0/019f0d683aec843b9fc0592ae78560cfe286bc8e31e706d40d8c15d390dcca7ab2ffa193a489a74f65ed5596800b9b79da867545ce3bbafca945b630fe0055af
  languageName: node
  linkType: hard
